{
  "projects": [
    {
      "projectId": "84wxoth5npGrp6RRXPL88z",
      "version": "4.36.0",
      "dependencies": {},
      "lang": "ts",
      "fileLocks": [
        {
          "assetId": "84wxoth5npGrp6RRXPL88z",
          "type": "projectCss",
          "checksum": "6cfe1fb765150bacb1010484d7c3f5a8"
        },
        {
          "assetId": "84wxoth5npGrp6RRXPL88z",
          "checksum": "fc1607072f62c6b32cdd98c507927289",
          "type": "globalContexts"
        },
        {
          "assetId": "84wxoth5npGrp6RRXPL88z",
          "checksum": "a11272e95da1b7718f1bb57cc1ac67b8",
          "type": "projectModule"
        },
        {
          "assetId": "84wxoth5npGrp6RRXPL88z",
          "checksum": "9e46a1265141f5c550945cc95598cb92",
          "type": "styleTokensProvider"
        }
      ],
      "codegenVersion": "0.0.2"
    },
    {
      "projectId": "szjgMQpPpxhmkjnaBvZQJG",
      "version": "2.34.0",
      "dependencies": {},
      "lang": "ts",
      "fileLocks": [
        {
          "assetId": "szjgMQpPpxhmkjnaBvZQJG",
          "type": "projectCss",
          "checksum": "aa5602fb1c7760bdc8770a5a6b68262e"
        },
        {
          "assetId": "szjgMQpPpxhmkjnaBvZQJG",
          "checksum": "ed55b64e5535458ad86e33f6646dadc9",
          "type": "projectModule"
        },
        {
          "assetId": "szjgMQpPpxhmkjnaBvZQJG",
          "checksum": "fc47cd46c9aa57ddafa19b32ab29ce9d",
          "type": "styleTokensProvider"
        }
      ],
      "codegenVersion": "0.0.2"
    },
    {
      "projectId": "58GpZjZCWTaJ8AUhpCwt2K",
      "version": "3.34.0",
      "dependencies": {},
      "lang": "ts",
      "fileLocks": [
        {
          "assetId": "58GpZjZCWTaJ8AUhpCwt2K",
          "type": "projectCss",
          "checksum": "10b608311824a80e7c6511951671d9ed"
        },
        {
          "assetId": "58GpZjZCWTaJ8AUhpCwt2K",
          "checksum": "dd1bd3cd83a88e2a0cc47887c2f90093",
          "type": "projectModule"
        },
        {
          "assetId": "58GpZjZCWTaJ8AUhpCwt2K",
          "checksum": "f3e149b979cba0655755409bcb3982a8",
          "type": "styleTokensProvider"
        }
      ],
      "codegenVersion": "0.0.2"
    },
    {
      "projectId": "axVArpcqgHCPMKB2yUGsW3",
      "version": "0.0.3",
      "dependencies": {},
      "lang": "ts",
      "fileLocks": [
        {
          "type": "globalVariant",
          "assetId": "aTL61Gk1GKw5",
          "checksum": "b62a345f1491bc300dc7c9e5948f882d"
        },
        {
          "assetId": "axVArpcqgHCPMKB2yUGsW3",
          "type": "projectCss",
          "checksum": "6a1d6f1ae4cc47ff4dfd5b564cfd3ac4"
        },
        {
          "assetId": "axVArpcqgHCPMKB2yUGsW3",
          "checksum": "efeee08be9bb776bd0feea44869d336c",
          "type": "projectModule"
        },
        {
          "assetId": "axVArpcqgHCPMKB2yUGsW3",
          "checksum": "cd805d6527f4ec04f3659a7395593832",
          "type": "styleTokensProvider"
        }
      ],
      "codegenVersion": "0.0.2"
    },
    {
      "projectId": "m1XWyRcacryEyco6uPV1CR",
      "version": "latest",
      "dependencies": {
        "axVArpcqgHCPMKB2yUGsW3": "0.0.3",
        "58GpZjZCWTaJ8AUhpCwt2K": "3.34.0",
        "szjgMQpPpxhmkjnaBvZQJG": "2.34.0",
        "84wxoth5npGrp6RRXPL88z": "4.36.0",
        "ohDidvG9XsCeFumugENU3J": "6.36.0",
        "jkU633o1Cz7HrJdwdxhVHk": "16.19.0"
      },
      "lang": "ts",
      "fileLocks": [
        {
          "type": "globalVariant",
          "assetId": "qsCqaRxKNFa0",
          "checksum": "ed3c377bc1e548f937e9f5a0769507f5"
        },
        {
          "assetId": "m1XWyRcacryEyco6uPV1CR",
          "checksum": "f5576ebcf0d95e283aa64fad30424a67",
          "type": "globalContexts"
        },
        {
          "assetId": "m1XWyRcacryEyco6uPV1CR",
          "checksum": "2717a92694d11191c64fd8df4cef36f6",
          "type": "projectModule"
        },
        {
          "assetId": "m1XWyRcacryEyco6uPV1CR",
          "checksum": "81b8a47ecd678b6363ce2e847ed59afb",
          "type": "styleTokensProvider"
        },
        {
          "type": "renderModule",
          "assetId": "DhoSWFmFQCu7",
          "checksum": "8822a86c51c107e7ad974dda1ccfc260"
        },
        {
          "type": "cssRules",
          "assetId": "DhoSWFmFQCu7",
          "checksum": "8822a86c51c107e7ad974dda1ccfc260"
        },
        {
          "type": "renderModule",
          "assetId": "vFerdvZMwcM9",
          "checksum": "7291a1b88626f29d54478682975144a0"
        },
        {
          "type": "cssRules",
          "assetId": "vFerdvZMwcM9",
          "checksum": "7291a1b88626f29d54478682975144a0"
        },
        {
          "type": "renderModule",
          "assetId": "lKu0B9xgLMgZ",
          "checksum": "92f66e20ecc62871e79ee2e5b1bb68dc"
        },
        {
          "type": "cssRules",
          "assetId": "lKu0B9xgLMgZ",
          "checksum": "92f66e20ecc62871e79ee2e5b1bb68dc"
        },
        {
          "type": "renderModule",
          "assetId": "U1-LJF1kZHcJ",
          "checksum": "cee9f19dbaf1ddf1c979bacc7dcf9c43"
        },
        {
          "type": "cssRules",
          "assetId": "U1-LJF1kZHcJ",
          "checksum": "cee9f19dbaf1ddf1c979bacc7dcf9c43"
        },
        {
          "type": "renderModule",
          "assetId": "bJFQWGdGnDO3",
          "checksum": "d913d61b8048a2f0e275b367c7431838"
        },
        {
          "type": "cssRules",
          "assetId": "bJFQWGdGnDO3",
          "checksum": "d913d61b8048a2f0e275b367c7431838"
        },
        {
          "type": "renderModule",
          "assetId": "acIxLOLj6-zV",
          "checksum": "50512735db9caf4b6d81d64be6786477"
        },
        {
          "type": "cssRules",
          "assetId": "acIxLOLj6-zV",
          "checksum": "50512735db9caf4b6d81d64be6786477"
        },
        {
          "type": "renderModule",
          "assetId": "wb0XQ_F8WDln",
          "checksum": "b472fefece8e887c1243896023f895ef"
        },
        {
          "type": "cssRules",
          "assetId": "wb0XQ_F8WDln",
          "checksum": "b472fefece8e887c1243896023f895ef"
        },
        {
          "type": "renderModule",
          "assetId": "LxRLO8beitYM",
          "checksum": "319318dbe63336900b69a69a78ce5a37"
        },
        {
          "type": "cssRules",
          "assetId": "LxRLO8beitYM",
          "checksum": "319318dbe63336900b69a69a78ce5a37"
        },
        {
          "type": "renderModule",
          "assetId": "jc6iNzzSQK9c",
          "checksum": "1b13aad2f16fde630f57d4dedd1e8d12"
        },
        {
          "type": "cssRules",
          "assetId": "jc6iNzzSQK9c",
          "checksum": "1b13aad2f16fde630f57d4dedd1e8d12"
        },
        {
          "type": "renderModule",
          "assetId": "0tgqUcDpHMTR",
          "checksum": "45578dbab2d47409e03ef95addc151ef"
        },
        {
          "type": "cssRules",
          "assetId": "0tgqUcDpHMTR",
          "checksum": "45578dbab2d47409e03ef95addc151ef"
        },
        {
          "type": "renderModule",
          "assetId": "JZUuLltS-WiV",
          "checksum": "f759e6e8146819bf5bcd988ef37fe5b0"
        },
        {
          "type": "cssRules",
          "assetId": "JZUuLltS-WiV",
          "checksum": "f759e6e8146819bf5bcd988ef37fe5b0"
        },
        {
          "type": "renderModule",
          "assetId": "Su-8_eq-d-9U",
          "checksum": "ff74fc0ea4e7bbaf42b2516a0745d74f"
        },
        {
          "type": "cssRules",
          "assetId": "Su-8_eq-d-9U",
          "checksum": "ff74fc0ea4e7bbaf42b2516a0745d74f"
        },
        {
          "type": "renderModule",
          "assetId": "sQiQl3EHt-JM",
          "checksum": "67575b4604ab1d17e9f1bb20037f0e25"
        },
        {
          "type": "cssRules",
          "assetId": "sQiQl3EHt-JM",
          "checksum": "67575b4604ab1d17e9f1bb20037f0e25"
        },
        {
          "type": "icon",
          "assetId": "57zAO7P9sacL",
          "checksum": "ec6aba786c392fbb6787e01f230b2a14"
        },
        {
          "type": "icon",
          "assetId": "CVqiMyWnVjje",
          "checksum": "572873ca2b0c08da04ace05c938d9d81"
        },
        {
          "type": "icon",
          "assetId": "PkODMAPvXcH-",
          "checksum": "eace491abcd70e93092009f4fc839e92"
        },
        {
          "type": "icon",
          "assetId": "bhnS9oUP0tOi",
          "checksum": "7f044b4b66e1c0f0304af60b09f1f280"
        },
        {
          "type": "icon",
          "assetId": "QPUNRn_j-mSY",
          "checksum": "aaa67204887cc5659883c69f05413930"
        },
        {
          "type": "icon",
          "assetId": "rQwqLCMj22il",
          "checksum": "e24b503d98b7988f8dca46fcb2c864c2"
        },
        {
          "type": "icon",
          "assetId": "9W7E88pPhR-8",
          "checksum": "c0524f1444f7688e2458313ec9e54a84"
        },
        {
          "type": "icon",
          "assetId": "4BSJ9h4fDo42",
          "checksum": "b6e42232dc556cb5b3ddb7b1941e3ba0"
        },
        {
          "type": "icon",
          "assetId": "of1i--mukumB",
          "checksum": "f858eaf8cce58d934a38f08402a2ead1"
        },
        {
          "type": "icon",
          "assetId": "pWKPFKuBHj7t",
          "checksum": "59a5f33ebcb3a4fc4110d2482d4abe6f"
        },
        {
          "type": "icon",
          "assetId": "DBxgNdGtx2N-",
          "checksum": "56416ddc21fd01b3a418af63a95cb9d3"
        },
        {
          "type": "icon",
          "assetId": "FSPaTRpZaHEy",
          "checksum": "ecd02b298033aa5d9bcbf26acf6be8db"
        },
        {
          "type": "icon",
          "assetId": "TBhs61qiAhrI",
          "checksum": "8d5649d9032c1d7d04cbc3d48c5f8be8"
        },
        {
          "type": "icon",
          "assetId": "dDd6vk9rM6tH",
          "checksum": "d41118bde59ce7fdeba90fbb156d2c51"
        },
        {
          "type": "icon",
          "assetId": "CRzn_nzFeoRk",
          "checksum": "32f7609cc47ad12f32c044bd1d5e0d05"
        },
        {
          "type": "icon",
          "assetId": "KWkePGqocTiV",
          "checksum": "5ed506a4695dabbf31555b9a8bd15dc9"
        },
        {
          "type": "icon",
          "assetId": "NkHc1EuLzV0x",
          "checksum": "6808b080bfadb5b617e3d804ea730ba5"
        },
        {
          "type": "icon",
          "assetId": "3mSEGoAAEehq",
          "checksum": "c843dc6e07d91f789db6047e1303914f"
        },
        {
          "type": "icon",
          "assetId": "BONILl_nQVio",
          "checksum": "20d8e5056e46ee617496a066bd91fab7"
        },
        {
          "type": "image",
          "assetId": "lLOMOJ7S3neh",
          "checksum": "83f433bd7d85baa88c3852c6885fb431"
        },
        {
          "type": "image",
          "assetId": "HjhqtNjhvFqF",
          "checksum": "c80918c25a1911d0a25e51bd066a0f33"
        },
        {
          "type": "image",
          "assetId": "m_NL4UAt9VYY",
          "checksum": "9414189511f76e272807f1c42ea295b3"
        },
        {
          "type": "image",
          "assetId": "R10lk-9WICCo",
          "checksum": "dd42abf2ad9139b298634f5926b6896d"
        },
        {
          "type": "image",
          "assetId": "xBVC26q_A9XG",
          "checksum": "97f079cbada6ea0bea01e3b2e335cde3"
        },
        {
          "type": "image",
          "assetId": "K4BtHq5laERC",
          "checksum": "4ca187f3ed4a00a9e33af29f073dd229"
        },
        {
          "type": "image",
          "assetId": "PTvXOX_RG24E",
          "checksum": "3cf5c34cae437ffa4da776729b7f71bb"
        },
        {
          "type": "image",
          "assetId": "d8CFSkE_XjJM",
          "checksum": "0ae08011bc7849c6cc6cab2eae65e6f8"
        },
        {
          "type": "image",
          "assetId": "Zv8HnNikKj42",
          "checksum": "6066f062e328718d56275d5f55be5b16"
        },
        {
          "type": "image",
          "assetId": "1dEp1mtOcEV3",
          "checksum": "de5680c294b32588ac5c2a772d57dbd4"
        },
        {
          "type": "image",
          "assetId": "iQ0Qokd3YgJj",
          "checksum": "6c7a8c502d72422a6446bc2c5a42c0fa"
        },
        {
          "type": "image",
          "assetId": "hBapb3jKpxMn",
          "checksum": "410b4cf9c013250e87f254c8518261bf"
        },
        {
          "type": "image",
          "assetId": "Jz3fGd4chhjx",
          "checksum": "3a3848a2b850f59150e6d176fdd32968"
        },
        {
          "type": "image",
          "assetId": "2JH0C5UVHAAP",
          "checksum": "c224757df28c31fa404813ccad2d85a5"
        },
        {
          "type": "image",
          "assetId": "qt7-rjB8I9iR",
          "checksum": "0efda92c8fd2f26128142971dc726af5"
        },
        {
          "type": "image",
          "assetId": "mwlWqBed86GX",
          "checksum": "5dca8d951caca49f23337fc785cf9989"
        },
        {
          "type": "image",
          "assetId": "jGNQcJ8hJgK1",
          "checksum": "4caf44c9760468d220028e3adc90531d"
        },
        {
          "type": "image",
          "assetId": "f0QD-ZR5znW8",
          "checksum": "89e1bee3f25799594e15105759f91e67"
        },
        {
          "type": "image",
          "assetId": "8zkdUFtFacq3",
          "checksum": "6934fc2d6327bac4a5cfeb5789a822d8"
        },
        {
          "type": "image",
          "assetId": "vSrf8xxNx0gt",
          "checksum": "a0ac2a4d306092a1b1d9a4934e689770"
        },
        {
          "type": "image",
          "assetId": "qd_x5H0tgO4p",
          "checksum": "dee5c34685e174bcb904e599ca3ca89c"
        },
        {
          "type": "image",
          "assetId": "QJHU3mT0zo5q",
          "checksum": "2c03efa2fc8a8310ef6ae91dc98e92b6"
        },
        {
          "type": "image",
          "assetId": "GklREL_D_mAa",
          "checksum": "5bc8af5bc652bbb093659d815efc8e79"
        },
        {
          "type": "image",
          "assetId": "Pv5bgQqwv2lA",
          "checksum": "a24b66fded8e9e530449018672a882d1"
        },
        {
          "type": "image",
          "assetId": "6L3ipU8V5KLO",
          "checksum": "a60a0432ae9073a452a68e3fae1b9a7d"
        },
        {
          "type": "image",
          "assetId": "y9QO648DC_cm",
          "checksum": "806463b70bfebe2801ed69750d8ba3b4"
        },
        {
          "type": "image",
          "assetId": "w-T6qndjNaO3",
          "checksum": "c7af91e96c9383417a8dce38bbff2948"
        },
        {
          "type": "image",
          "assetId": "KgjeypI3N3M7",
          "checksum": "ee02855ff12029c653ec85c88b5c540f"
        },
        {
          "type": "image",
          "assetId": "zr8nkq6K1O-9",
          "checksum": "0339d75b0851891812672b78ce15da9c"
        },
        {
          "type": "image",
          "assetId": "MJ5oLkP4KOnp",
          "checksum": "658e349c430ba31aa92cf45d10db76cd"
        },
        {
          "type": "image",
          "assetId": "VKW2lpFr2cUv",
          "checksum": "a7bbb1036debc02dfc2e2bb940ba11f7"
        },
        {
          "type": "image",
          "assetId": "jAMdi5skXzKB",
          "checksum": "b3ed1cc51ae6d274c680b16b6e0c57b4"
        },
        {
          "type": "image",
          "assetId": "W43XwFxfGGXu",
          "checksum": "96b55aceb8f201f594ff4dcf61c5708f"
        },
        {
          "type": "image",
          "assetId": "LDOf5P6CDm5i",
          "checksum": "b4843f65af08491da96ca59611c8c71b"
        },
        {
          "type": "image",
          "assetId": "7QrFj8cXtjmN",
          "checksum": "f00aff6ddd4a04abd88ed210cd19fb95"
        },
        {
          "type": "image",
          "assetId": "KVqWJyyS0QBB",
          "checksum": "51806943e7a4fa556b06b6f67e24d082"
        },
        {
          "type": "image",
          "assetId": "MxlTclha6Hs6",
          "checksum": "57be13888d4ec0f8cc6618159dd5efee"
        },
        {
          "type": "image",
          "assetId": "dozi8FT7L4nb",
          "checksum": "26dc0a838a99ce8ec65a693b008e1c3f"
        },
        {
          "type": "image",
          "assetId": "fY0xZjmRblH7",
          "checksum": "8ccedb9527497cc14c48ba9c84b9d224"
        },
        {
          "type": "image",
          "assetId": "XlIMlmifmweX",
          "checksum": "416cf33938381165a58e53b8cb081587"
        },
        {
          "type": "image",
          "assetId": "z4gpjjmW7nUA",
          "checksum": "6ea5663c97e1b9bc8a63e92c5c981644"
        },
        {
          "type": "image",
          "assetId": "dJARlEAZc5WR",
          "checksum": "ea6a2676f21dc8e7fed63c9baad0daf0"
        },
        {
          "type": "image",
          "assetId": "nZoQD0HX-2zk",
          "checksum": "bb82f1df4b2a23da37f9183eacde31a0"
        },
        {
          "type": "image",
          "assetId": "LXCsQQVSOVr3",
          "checksum": "0e2d730ba38522f521186bc0ba86d6c8"
        },
        {
          "type": "image",
          "assetId": "Lbf4HTS0g4RD",
          "checksum": "ab3d296428cd2d4d7f8b3211c4573c17"
        },
        {
          "type": "image",
          "assetId": "MajMTRnc5vZQ",
          "checksum": "88751cbd532cb7105b94a515a588f652"
        },
        {
          "type": "image",
          "assetId": "r1xpBBD27hTL",
          "checksum": "335cab204de0d6edc4ab9c7dc6b59980"
        },
        {
          "type": "image",
          "assetId": "SBMATVf7ISZk",
          "checksum": "5efad0b846a439c118485bea418d22db"
        },
        {
          "type": "image",
          "assetId": "VnHR3NPdBWcP",
          "checksum": "6a88866a66057084e58f4552ab275b31"
        },
        {
          "type": "image",
          "assetId": "WAhq16niiGq5",
          "checksum": "c3de76238930812bd8cafe0ba0d1768b"
        },
        {
          "type": "image",
          "assetId": "atoL1FFKJntf",
          "checksum": "37c3e5f0ebfa75ff607b665907324a9a"
        },
        {
          "type": "image",
          "assetId": "FEeJn6H6s85k",
          "checksum": "4b4f117fd3abd95dcc4078275f9fea6f"
        },
        {
          "type": "image",
          "assetId": "dWXlFUsFqCa8",
          "checksum": "9393c26cb9ed844605a9a85a94f8ee7f"
        },
        {
          "type": "image",
          "assetId": "KBTb_YLFMUYz",
          "checksum": "2bb71516d42006746036e61a89258859"
        },
        {
          "type": "image",
          "assetId": "R6_1Dmci6wOx",
          "checksum": "1a4e8d91a9650cb9d3ba9688042428c4"
        },
        {
          "type": "image",
          "assetId": "YI3z4jbOSqLo",
          "checksum": "d8aead97f5277462da96cb7747b86881"
        },
        {
          "type": "image",
          "assetId": "E4O05U3DUrZ3",
          "checksum": "b482c12fee610d900e390c22ce435de1"
        },
        {
          "type": "image",
          "assetId": "8ReEbcJ5EZbh",
          "checksum": "762f116112103b1b8a13b4923664738d"
        },
        {
          "type": "image",
          "assetId": "1mwKy-X2YCxj",
          "checksum": "2ba6e9e4a7476efa66e43641b2ce5a10"
        },
        {
          "type": "image",
          "assetId": "cUdmcv_K075m",
          "checksum": "a93bb057d6bf07872fe3dd99cecbe247"
        },
        {
          "type": "image",
          "assetId": "v3aNmdn-UD-G",
          "checksum": "1202d603b47ac2a9b5d1af3c882d7fcc"
        },
        {
          "type": "image",
          "assetId": "k5g9onvaca-S",
          "checksum": "302455644b6be54e4e793507cfef9e86"
        },
        {
          "type": "image",
          "assetId": "i-azmJgupCvG",
          "checksum": "d0fb06784e957111b5a2b276cf3160bb"
        },
        {
          "type": "image",
          "assetId": "Qh89cfJaZQG5",
          "checksum": "61af35bf9da292667bcd1d06958a1319"
        },
        {
          "type": "image",
          "assetId": "HUN4yLSYRr2M",
          "checksum": "77167f6ed19c74458ca9fbbad4653071"
        },
        {
          "type": "image",
          "assetId": "Qb0_MC0U7JtR",
          "checksum": "7a3eb4c105031968e2f03dd89aaa70f1"
        },
        {
          "type": "image",
          "assetId": "ALvA-vedZNIP",
          "checksum": "7ad0a80f171308139fe1c1c0ac6ca42c"
        },
        {
          "assetId": "m1XWyRcacryEyco6uPV1CR",
          "type": "projectCss",
          "checksum": "015d763bc4e041d4d2a9653c55775a59"
        }
      ],
      "codegenVersion": "0.0.2"
    },
    {
      "projectId": "jkU633o1Cz7HrJdwdxhVHk",
      "version": "16.19.0",
      "dependencies": {},
      "lang": "ts",
      "fileLocks": [
        {
          "assetId": "jkU633o1Cz7HrJdwdxhVHk",
          "type": "projectCss",
          "checksum": "85f25ea7fc605a951957b994266bf3eb"
        },
        {
          "assetId": "jkU633o1Cz7HrJdwdxhVHk",
          "checksum": "3360395d0903e45c2a5fde8c8bb81302",
          "type": "projectModule"
        },
        {
          "assetId": "jkU633o1Cz7HrJdwdxhVHk",
          "checksum": "78752dfb17d15d96e948021c8b474da4",
          "type": "styleTokensProvider"
        }
      ],
      "codegenVersion": "0.0.2"
    },
    {
      "projectId": "ohDidvG9XsCeFumugENU3J",
      "version": "6.36.0",
      "dependencies": {},
      "lang": "ts",
      "fileLocks": [
        {
          "assetId": "ohDidvG9XsCeFumugENU3J",
          "type": "projectCss",
          "checksum": "3f9cfe65194658f53dac7546f4bf0ebe"
        },
        {
          "assetId": "ohDidvG9XsCeFumugENU3J",
          "checksum": "be3f0aaba617feb7e002ecfd303a0f73",
          "type": "globalContexts"
        },
        {
          "assetId": "ohDidvG9XsCeFumugENU3J",
          "checksum": "fb807fe3705f30ea295ebfad5287dd4b",
          "type": "projectModule"
        },
        {
          "assetId": "ohDidvG9XsCeFumugENU3J",
          "checksum": "89d9d71e8cbe5cd52b12e923833f83f8",
          "type": "styleTokensProvider"
        }
      ],
      "codegenVersion": "0.0.2"
    }
  ],
  "cliVersion": "0.1.355"
}
